{
  "originHash" : "c8f13b295dffad8a4f14447e3bede76c29ec227243b77e545778c47f9d106395",
  "pins" : [
    {
      "identity" : "swiftchess",
      "kind" : "remoteSourceControl",
      "location" : "https://github.com/SteveBarnegren/SwiftChess",
      "state" : {
        "revision" : "99dd6adbcd66c0c538d19a606a6470e7a6afefc1",
        "version" : "1.1.2"
      }
    }
  ],
  "version" : 3
}
